
Microsoft Visual Studio Solution File, Format Version 12.00
# Visual Studio Version 17
VisualStudioVersion = 17.8.34330.188
MinimumVisualStudioVersion = 10.0.40219.1
Project("{FAE04EC0-301F-11D3-BF4B-00C04F79EFBC}") = "ConsoleApp1", "ConsoleApp1\ConsoleApp1.csproj", "{7665E95A-FE5A-43D0-A602-CDE2CA0A0186}"
EndProject
Global
	GlobalSection(SolutionConfigurationPlatforms) = preSolution
		Debug|Any CPU = Debug|Any CPU
		Release|Any CPU = Release|Any CPU
	EndGlobalSection
	GlobalSection(ProjectConfigurationPlatforms) = postSolution
		{7665E95A-FE5A-43D0-A602-CDE2CA0A0186}.Debug|Any CPU.ActiveCfg = Debug|Any CPU
		{7665E95A-FE5A-43D0-A602-CDE2CA0A0186}.Debug|Any CPU.Build.0 = Debug|Any CPU
		{7665E95A-FE5A-43D0-A602-CDE2CA0A0186}.Release|Any CPU.ActiveCfg = Release|Any CPU
		{7665E95A-FE5A-43D0-A602-CDE2CA0A0186}.Release|Any CPU.Build.0 = Release|Any CPU
	EndGlobalSection
	GlobalSection(SolutionProperties) = preSolution
		HideSolutionNode = FALSE
	EndGlobalSection
	GlobalSection(ExtensibilityGlobals) = postSolution
		SolutionGuid = {255F8451-9F23-404F-A845-7234C31CFDAC}
	EndGlobalSection
EndGlobal
